
Microsoft Visual Studio Solution File, Format Version 12.00
# Visual Studio 15
VisualStudioVersion = 15.0.27004.2002
MinimumVisualStudioVersion = 10.0.40219.1
Project("{FAE04EC0-301F-11D3-BF4B-00C04F79EFBC}") = "Assignment1Furniture", "Assignment1Furniture\Assignment1Furniture.csproj", "{7467985A-7007-473A-958A-7377069DCDD2}"
EndProject
Global
	GlobalSection(SolutionConfigurationPlatforms) = preSolution
		Debug|Any CPU = Debug|Any CPU
		Release|Any CPU = Release|Any CPU
	EndGlobalSection
	GlobalSection(ProjectConfigurationPlatforms) = postSolution
		{7467985A-7007-473A-958A-7377069DCDD2}.Debug|Any CPU.ActiveCfg = Debug|Any CPU
		{7467985A-7007-473A-958A-7377069DCDD2}.Debug|Any CPU.Build.0 = Debug|Any CPU
		{7467985A-7007-473A-958A-7377069DCDD2}.Release|Any CPU.ActiveCfg = Release|Any CPU
		{7467985A-7007-473A-958A-7377069DCDD2}.Release|Any CPU.Build.0 = Release|Any CPU
	EndGlobalSection
	GlobalSection(SolutionProperties) = preSolution
		HideSolutionNode = FALSE
	EndGlobalSection
	GlobalSection(ExtensibilityGlobals) = postSolution
		SolutionGuid = {3D60F760-318A-4553-9F7D-5701EBE8490A}
	EndGlobalSection
EndGlobal
